# This file is generated by running "yarn install" inside your project.
# Manual changes might be lost - proceed with caution!

__metadata:
  version: 5
  cacheKey: 7

"@next/env@npm:14.2.21":
  version: 14.2.21
  resolution: "@next/env@npm:14.2.21"
  checksum: 8/98c9e4c04f7560a809adcf81b10e5d3f8ad2fefd3e53e85a429a33b4a8850362358b974a607b4ea1833c369ab3d21d1256663deca919d2c178e774b161113616
  languageName: node
  linkType: hard

"@next/swc-darwin-arm64@npm:14.2.21":
  version: 14.2.21
  resolution: "@next/swc-darwin-arm64@npm:14.2.21"
  conditions: os=darwin & cpu=arm64
  languageName: node
  linkType: hard

"@next/swc-darwin-x64@npm:14.2.21":
  version: 14.2.21
  resolution: "@next/swc-darwin-x64@npm:14.2.21"
  conditions: os=darwin & cpu=x64
  languageName: node
  linkType: hard

"@next/swc-linux-arm64-gnu@npm:14.2.21":
  version: 14.2.21
  resolution: "@next/swc-linux-arm64-gnu@npm:14.2.21"
  conditions: os=linux & cpu=arm64
  languageName: node
  linkType: hard

"@next/swc-linux-arm64-musl@npm:14.2.21":
  version: 14.2.21
  resolution: "@next/swc-linux-arm64-musl@npm:14.2.21"
  conditions: os=linux & cpu=arm64
  languageName: node
  linkType: hard

"@next/swc-linux-x64-gnu@npm:14.2.21":
  version: 14.2.21
  resolution: "@next/swc-linux-x64-gnu@npm:14.2.21"
  conditions: os=linux & cpu=x64
  languageName: node
  linkType: hard

"@next/swc-linux-x64-musl@npm:14.2.21":
  version: 14.2.21
  resolution: "@next/swc-linux-x64-musl@npm:14.2.21"
  conditions: os=linux & cpu=x64
  languageName: node
  linkType: hard

"@next/swc-win32-arm64-msvc@npm:14.2.21":
  version: 14.2.21
  resolution: "@next/swc-win32-arm64-msvc@npm:14.2.21"
  conditions: os=win32 & cpu=arm64
  languageName: node
  linkType: hard

"@next/swc-win32-ia32-msvc@npm:14.2.21":
  version: 14.2.21
  resolution: "@next/swc-win32-ia32-msvc@npm:14.2.21"
  conditions: os=win32 & cpu=ia32
  languageName: node
  linkType: hard

"@next/swc-win32-x64-msvc@npm:14.2.21":
  version: 14.2.21
  resolution: "@next/swc-win32-x64-msvc@npm:14.2.21"
  conditions: os=win32 & cpu=x64
  languageName: node
  linkType: hard

"@swc/counter@npm:^0.1.3":
  version: 0.1.3
  resolution: "@swc/counter@npm:0.1.3"
  checksum: 8/df8f9cfba9904d3d60f511664c70d23bb323b3a0803ec9890f60133954173047ba9bdeabce28cd70ba89ccd3fd6c71c7b0bd58be85f611e1ffbe5d5c18616598
  languageName: node
  linkType: hard

"@swc/helpers@npm:0.5.5":
  version: 0.5.5
  resolution: "@swc/helpers@npm:0.5.5"
  dependencies:
    "@swc/counter": ^0.1.3
    tslib: ^2.4.0
  checksum: 8/d4f207b191e54b29460804ddf2984ba6ece1d679a0b2f6a9c765dcf27bba92c5769e7965668a4546fb9f1021eaf0ff9be4bf5c235ce12adcd65acdfe77187d11
  languageName: node
  linkType: hard

"busboy@npm:1.6.0":
  version: 1.6.0
  resolution: "busboy@npm:1.6.0"
  dependencies:
    streamsearch: ^1.1.0
  checksum: 8/32801e2c0164e12106bf236291a00795c3c4e4b709ae02132883fe8478ba2ae23743b11c5735a0aae8afe65ac4b6ca4568b91f0d9fed1fdbc32ede824a73746e
  languageName: node
  linkType: hard

"caniuse-lite@npm:^1.0.30001579":
  version: 1.0.30001690
  resolution: "caniuse-lite@npm:1.0.30001690"
  checksum: 8/f2c1b595f15d8de4d9ccd155d61ac9f00ac62f1515870505a0186266fd52aef169fcddc90d8a4814e52b77107244806466fadc2c216662f23f1022a430e735ee
  languageName: node
  linkType: hard

"client-only@npm:0.0.1":
  version: 0.0.1
  resolution: "client-only@npm:0.0.1"
  checksum: 8/0c16bf660dadb90610553c1d8946a7fdfb81d624adea073b8440b7d795d5b5b08beb3c950c6a2cf16279365a3265158a236876d92bce16423c485c322d7dfaf8
  languageName: node
  linkType: hard

"graceful-fs@npm:^4.2.11":
  version: 4.2.11
  resolution: "graceful-fs@npm:4.2.11"
  checksum: 8/ac85f94da92d8eb6b7f5a8b20ce65e43d66761c55ce85ac96df6865308390da45a8d3f0296dd3a663de65d30ba497bd46c696cc1e248c72b13d6d567138a4fc7
  languageName: node
  linkType: hard

"js-tokens@npm:^3.0.0 || ^4.0.0":
  version: 4.0.0
  resolution: "js-tokens@npm:4.0.0"
  checksum: 1fc4e4667ac2d972aba65148b9cbf9c17566b2394d3504238d8492bbd3e68f496c657eab06b26b40b17db5cac0a34d153a12130e2d2d2bb6dc2cdc8a4764eb1b
  languageName: node
  linkType: hard

"loose-envify@npm:^1.1.0":
  version: 1.4.0
  resolution: "loose-envify@npm:1.4.0"
  dependencies:
    js-tokens: ^3.0.0 || ^4.0.0
  bin:
    loose-envify: cli.js
  checksum: 5c3b47bbe5f597a3889fb001a3a98aaea2a3fafa48089c19034de1e0121bf57dbee609d184478514d74d5c5a7e9cfa3d846343455e5123b060040d46c39e91dc
  languageName: node
  linkType: hard

"nanoid@npm:^3.3.6":
  version: 3.3.8
  resolution: "nanoid@npm:3.3.8"
  bin:
    nanoid: bin/nanoid.cjs
  checksum: 8/dfe0adbc0c77e9655b550c333075f51bb28cfc7568afbf3237249904f9c86c9aaaed1f113f0fddddba75673ee31c758c30c43d4414f014a52a7a626efc5958c9
  languageName: node
  linkType: hard

"next@npm:^14.2.15":
  version: 14.2.21
  resolution: "next@npm:14.2.21"
  dependencies:
    "@next/env": 14.2.21
    "@next/swc-darwin-arm64": 14.2.21
    "@next/swc-darwin-x64": 14.2.21
    "@next/swc-linux-arm64-gnu": 14.2.21
    "@next/swc-linux-arm64-musl": 14.2.21
    "@next/swc-linux-x64-gnu": 14.2.21
    "@next/swc-linux-x64-musl": 14.2.21
    "@next/swc-win32-arm64-msvc": 14.2.21
    "@next/swc-win32-ia32-msvc": 14.2.21
    "@next/swc-win32-x64-msvc": 14.2.21
    "@swc/helpers": 0.5.5
    busboy: 1.6.0
    caniuse-lite: ^1.0.30001579
    graceful-fs: ^4.2.11
    postcss: 8.4.31
    styled-jsx: 5.1.1
  peerDependencies:
    "@opentelemetry/api": ^1.1.0
    "@playwright/test": ^1.41.2
    react: ^18.2.0
    react-dom: ^18.2.0
    sass: ^1.3.0
  dependenciesMeta:
    "@next/swc-darwin-arm64":
      optional: true
    "@next/swc-darwin-x64":
      optional: true
    "@next/swc-linux-arm64-gnu":
      optional: true
    "@next/swc-linux-arm64-musl":
      optional: true
    "@next/swc-linux-x64-gnu":
      optional: true
    "@next/swc-linux-x64-musl":
      optional: true
    "@next/swc-win32-arm64-msvc":
      optional: true
    "@next/swc-win32-ia32-msvc":
      optional: true
    "@next/swc-win32-x64-msvc":
      optional: true
  peerDependenciesMeta:
    "@opentelemetry/api":
      optional: true
    "@playwright/test":
      optional: true
    sass:
      optional: true
  bin:
    next: dist/bin/next
  checksum: 8/ac4459fdde47e3f6f5ae64b2b58a86a94775ca25f6c36a10fc19ac5572fa10e2532b99f38eb5f917e3dfce1e0656851994577e0a0082c18bfac949397e1d9c9d
  languageName: node
  linkType: hard

"nextjs-yarn2-example@workspace:.":
  version: 0.0.0-use.local
  resolution: "nextjs-yarn2-example@workspace:."
  dependencies:
    next: ^14.2.15
    react: ^17.0.2
    react-dom: ^17.0.2
  languageName: unknown
  linkType: soft

"object-assign@npm:^4.1.1":
  version: 4.1.1
  resolution: "object-assign@npm:4.1.1"
  checksum: 66cf021898fc1b13ea573ea8635fbd5a76533f50cecbc2fcd5eee1e8029af41bcebe7023788b6d0e06cbe4401ecea075d972f78ec74467cdc571a0f1a4d1a081
  languageName: node
  linkType: hard

"picocolors@npm:^1.0.0":
  version: 1.0.0
  resolution: "picocolors@npm:1.0.0"
  checksum: 6616d34dd03bde8881c63402dea34f0b5972845b04b791b234446d4a408bc3d7f932acea3970a6b671d8f5c5aae1b1ce9fc1f89b0ed9a363469cf9da8e916b71
  languageName: node
  linkType: hard

"postcss@npm:8.4.31":
  version: 8.4.31
  resolution: "postcss@npm:8.4.31"
  dependencies:
    nanoid: ^3.3.6
    picocolors: ^1.0.0
    source-map-js: ^1.0.2
  checksum: 8/1d8611341b073143ad90486fcdfeab49edd243377b1f51834dc4f6d028e82ce5190e4f11bb2633276864503654fb7cab28e67abdc0fbf9d1f88cad4a0ff0beea
  languageName: node
  linkType: hard

"react-dom@npm:^17.0.2":
  version: 17.0.2
  resolution: "react-dom@npm:17.0.2"
  dependencies:
    loose-envify: ^1.1.0
    object-assign: ^4.1.1
    scheduler: ^0.20.2
  peerDependencies:
    react: 17.0.2
  checksum: 960a74ff6670766846a73097a599115963df1574833c59ca0c2fd909758ebe7a6214cd14f5e6aa63ce846d8f39fde7f3b80474ccfcfadc45dd7f3246364718c6
  languageName: node
  linkType: hard

"react@npm:^17.0.2":
  version: 17.0.2
  resolution: "react@npm:17.0.2"
  dependencies:
    loose-envify: ^1.1.0
    object-assign: ^4.1.1
  checksum: 7d0dfebafe1d297503157abb2e9acdb49852185deb8700c16f4a6faad87642f84903ab18cfc16f40b9a0dfe97540f99834982ee953e6d48b39c41608dc3e4b29
  languageName: node
  linkType: hard

"scheduler@npm:^0.20.2":
  version: 0.20.2
  resolution: "scheduler@npm:0.20.2"
  dependencies:
    loose-envify: ^1.1.0
    object-assign: ^4.1.1
  checksum: 2ba121e53e8a438394598612ec9a8f465b39157042f912d2dd5956af643e0d45ec6937ae4eeb0a807d1945b209515263aed12fc3bca95c7a027ec2a54e76b399
  languageName: node
  linkType: hard

"source-map-js@npm:^1.0.2":
  version: 1.2.1
  resolution: "source-map-js@npm:1.2.1"
  checksum: 8/4eb0cd997cdf228bc253bcaff9340afeb706176e64868ecd20efbe6efea931465f43955612346d6b7318789e5265bdc419bc7669c1cebe3db0eb255f57efa76b
  languageName: node
  linkType: hard

"streamsearch@npm:^1.1.0":
  version: 1.1.0
  resolution: "streamsearch@npm:1.1.0"
  checksum: 8/1cce16cea8405d7a233d32ca5e00a00169cc0e19fbc02aa839959985f267335d435c07f96e5e0edd0eadc6d39c98d5435fb5bbbdefc62c41834eadc5622ad942
  languageName: node
  linkType: hard

"styled-jsx@npm:5.1.1":
  version: 5.1.1
  resolution: "styled-jsx@npm:5.1.1"
  dependencies:
    client-only: 0.0.1
  peerDependencies:
    react: ">= 16.8.0 || 17.x.x || ^18.0.0-0"
  peerDependenciesMeta:
    "@babel/core":
      optional: true
    babel-plugin-macros:
      optional: true
  checksum: 8/523a33b38603492547e861b98e29c873939b04e15fbe5ef16132c6f1e15958126647983c7d4675325038b428a5e91183d996e90141b18bdd1bbadf6e2c45b2fa
  languageName: node
  linkType: hard

"tslib@npm:^2.4.0":
  version: 2.8.1
  resolution: "tslib@npm:2.8.1"
  checksum: 8/e4aba30e632b8c8902b47587fd13345e2827fa639e7c3121074d5ee0880723282411a8838f830b55100cbe4517672f84a2472667d355b81e8af165a55dc6203a
  languageName: node
  linkType: hard
